
Microsoft Visual Studio Solution File, Format Version 12.00
# Visual Studio Express 2012 for Windows Desktop
Project("{8BC9CEB8-8B4A-11D0-8D11-00A0C91BC942}") = "ply2mesh", "ply2mesh\ply2mesh.vcxproj", "{8D2C049D-011E-433F-AAE2-A419CE07DAD2}"
EndProject
Project("{8BC9CEB8-8B4A-11D0-8D11-00A0C91BC942}") = "plastic_shader", "plastic_shader\plastic_shader.vcxproj", "{BBF836F7-7E0B-4862-AE63-1386AD7EC37B}"
EndProject
Project("{8BC9CEB8-8B4A-11D0-8D11-00A0C91BC942}") = "cube", "cube\cube.vcxproj", "{6340B9AB-0260-4252-AB65-06CE890D1985}"
EndProject
Project("{8BC9CEB8-8B4A-11D0-8D11-00A0C91BC942}") = "libscene", "libscene\libscene.vcxproj", "{37C5A368-8E79-4F3B-BEA9-77D8F876DB2B}"
EndProject
Project("{8BC9CEB8-8B4A-11D0-8D11-00A0C91BC942}") = "scene_parser", "scene_parser\scene_parser.vcxproj", "{5AF90726-4600-4588-94E8-7D6243CAE9CE}"
EndProject
Project("{8BC9CEB8-8B4A-11D0-8D11-00A0C91BC942}") = "hdr2mip", "hdr2mip\hdr2mip.vcxproj", "{A0A77630-9529-4D8A-ACE6-C0C2352B8628}"
EndProject
Project("{8BC9CEB8-8B4A-11D0-8D11-00A0C91BC942}") = "obj2mesh", "obj2mesh\obj2mesh.vcxproj", "{82775EDB-41C4-4E12-8415-0D21282EC3E6}"
EndProject
Project("{8BC9CEB8-8B4A-11D0-8D11-00A0C91BC942}") = "curve_generator", "curve_generator\curve_generator.vcxproj", "{A24DF534-89D4-4817-A8E0-24D17C89D2C8}"
EndProject
Project("{8BC9CEB8-8B4A-11D0-8D11-00A0C91BC942}") = "point_cloud_generator", "point_cloud_generator\point_cloud_generator.vcxproj", "{240FAF24-6640-401C-9CCE-B6A47E04997A}"
EndProject
Project("{8BC9CEB8-8B4A-11D0-8D11-00A0C91BC942}") = "constant_shader", "constant_shader\constant_shader.vcxproj", "{0C713787-AB9D-4B94-B498-AA4535C2D62C}"
EndProject
Project("{8BC9CEB8-8B4A-11D0-8D11-00A0C91BC942}") = "glass_shader", "glass_shader\glass_shader.vcxproj", "{DFAE580B-1FE6-4885-9D50-4F19FE468FDE}"
EndProject
Project("{8BC9CEB8-8B4A-11D0-8D11-00A0C91BC942}") = "hair_shader", "hair_shader\hair_shader.vcxproj", "{E4AA4F75-FFD0-431A-9225-F732AC05C646}"
EndProject
Project("{8BC9CEB8-8B4A-11D0-8D11-00A0C91BC942}") = "sss_shader", "sss_shader\sss_shader.vcxproj", "{B04A9208-E2BB-414B-AC76-B8014E3B9079}"
EndProject
Project("{8BC9CEB8-8B4A-11D0-8D11-00A0C91BC942}") = "volume_shader", "volume_shader\volume_shader.vcxproj", "{0CAC7B1A-89FB-46E6-A0F7-852F609D2112}"
EndProject
Project("{8BC9CEB8-8B4A-11D0-8D11-00A0C91BC942}") = "pointclouds_procedure", "pointclouds_procedure\pointclouds_procedure.vcxproj", "{B9A1C9DB-F6D1-48B0-8F73-469C34BD988B}"
EndProject
Project("{8BC9CEB8-8B4A-11D0-8D11-00A0C91BC942}") = "splinewisps_procedure", "splinewisps_procedure\splinewisps_procedure.vcxproj", "{332082CF-6515-4BEC-8E86-D0BBA0BA4616}"
EndProject
Project("{8BC9CEB8-8B4A-11D0-8D11-00A0C91BC942}") = "surfacewisps_procedure", "surfacewisps_procedure\surfacewisps_procedure.vcxproj", "{784EB945-367F-4E9A-A945-B50B5BD6A141}"
EndProject
Project("{8BC9CEB8-8B4A-11D0-8D11-00A0C91BC942}") = "framebuffer_viewer", "framebuffer_viewer\framebuffer_viewer.vcxproj", "{9A6D7F84-0228-428E-AF01-A7D5795AF399}"
EndProject
Project("{8BC9CEB8-8B4A-11D0-8D11-00A0C91BC942}") = "jpg2mip", "jpg2mip\jpg2mip.vcxproj", "{EA7F12AF-24DF-4254-AFCA-E2CDB47074EB}"
EndProject
Global
	GlobalSection(SolutionConfigurationPlatforms) = preSolution
		Debug|Win32 = Debug|Win32
		Debug|x64 = Debug|x64
		Release|Win32 = Release|Win32
		Release|x64 = Release|x64
	EndGlobalSection
	GlobalSection(ProjectConfigurationPlatforms) = postSolution
		{8D2C049D-011E-433F-AAE2-A419CE07DAD2}.Debug|Win32.ActiveCfg = Debug|Win32
		{8D2C049D-011E-433F-AAE2-A419CE07DAD2}.Debug|Win32.Build.0 = Debug|Win32
		{8D2C049D-011E-433F-AAE2-A419CE07DAD2}.Debug|x64.ActiveCfg = Debug|x64
		{8D2C049D-011E-433F-AAE2-A419CE07DAD2}.Debug|x64.Build.0 = Debug|x64
		{8D2C049D-011E-433F-AAE2-A419CE07DAD2}.Release|Win32.ActiveCfg = Release|Win32
		{8D2C049D-011E-433F-AAE2-A419CE07DAD2}.Release|Win32.Build.0 = Release|Win32
		{8D2C049D-011E-433F-AAE2-A419CE07DAD2}.Release|x64.ActiveCfg = Release|x64
		{8D2C049D-011E-433F-AAE2-A419CE07DAD2}.Release|x64.Build.0 = Release|x64
		{BBF836F7-7E0B-4862-AE63-1386AD7EC37B}.Debug|Win32.ActiveCfg = Debug|Win32
		{BBF836F7-7E0B-4862-AE63-1386AD7EC37B}.Debug|Win32.Build.0 = Debug|Win32
		{BBF836F7-7E0B-4862-AE63-1386AD7EC37B}.Debug|x64.ActiveCfg = Debug|x64
		{BBF836F7-7E0B-4862-AE63-1386AD7EC37B}.Debug|x64.Build.0 = Debug|x64
		{BBF836F7-7E0B-4862-AE63-1386AD7EC37B}.Release|Win32.ActiveCfg = Release|Win32
		{BBF836F7-7E0B-4862-AE63-1386AD7EC37B}.Release|Win32.Build.0 = Release|Win32
		{BBF836F7-7E0B-4862-AE63-1386AD7EC37B}.Release|x64.ActiveCfg = Release|x64
		{BBF836F7-7E0B-4862-AE63-1386AD7EC37B}.Release|x64.Build.0 = Release|x64
		{6340B9AB-0260-4252-AB65-06CE890D1985}.Debug|Win32.ActiveCfg = Debug|Win32
		{6340B9AB-0260-4252-AB65-06CE890D1985}.Debug|Win32.Build.0 = Debug|Win32
		{6340B9AB-0260-4252-AB65-06CE890D1985}.Debug|x64.ActiveCfg = Debug|x64
		{6340B9AB-0260-4252-AB65-06CE890D1985}.Debug|x64.Build.0 = Debug|x64
		{6340B9AB-0260-4252-AB65-06CE890D1985}.Release|Win32.ActiveCfg = Release|Win32
		{6340B9AB-0260-4252-AB65-06CE890D1985}.Release|Win32.Build.0 = Release|Win32
		{6340B9AB-0260-4252-AB65-06CE890D1985}.Release|x64.ActiveCfg = Release|x64
		{6340B9AB-0260-4252-AB65-06CE890D1985}.Release|x64.Build.0 = Release|x64
		{37C5A368-8E79-4F3B-BEA9-77D8F876DB2B}.Debug|Win32.ActiveCfg = Debug|Win32
		{37C5A368-8E79-4F3B-BEA9-77D8F876DB2B}.Debug|Win32.Build.0 = Debug|Win32
		{37C5A368-8E79-4F3B-BEA9-77D8F876DB2B}.Debug|x64.ActiveCfg = Debug|x64
		{37C5A368-8E79-4F3B-BEA9-77D8F876DB2B}.Debug|x64.Build.0 = Debug|x64
		{37C5A368-8E79-4F3B-BEA9-77D8F876DB2B}.Release|Win32.ActiveCfg = Release|Win32
		{37C5A368-8E79-4F3B-BEA9-77D8F876DB2B}.Release|Win32.Build.0 = Release|Win32
		{37C5A368-8E79-4F3B-BEA9-77D8F876DB2B}.Release|x64.ActiveCfg = Release|x64
		{37C5A368-8E79-4F3B-BEA9-77D8F876DB2B}.Release|x64.Build.0 = Release|x64
		{5AF90726-4600-4588-94E8-7D6243CAE9CE}.Debug|Win32.ActiveCfg = Debug|Win32
		{5AF90726-4600-4588-94E8-7D6243CAE9CE}.Debug|Win32.Build.0 = Debug|Win32
		{5AF90726-4600-4588-94E8-7D6243CAE9CE}.Debug|x64.ActiveCfg = Debug|x64
		{5AF90726-4600-4588-94E8-7D6243CAE9CE}.Debug|x64.Build.0 = Debug|x64
		{5AF90726-4600-4588-94E8-7D6243CAE9CE}.Release|Win32.ActiveCfg = Release|Win32
		{5AF90726-4600-4588-94E8-7D6243CAE9CE}.Release|Win32.Build.0 = Release|Win32
		{5AF90726-4600-4588-94E8-7D6243CAE9CE}.Release|x64.ActiveCfg = Release|x64
		{5AF90726-4600-4588-94E8-7D6243CAE9CE}.Release|x64.Build.0 = Release|x64
		{A0A77630-9529-4D8A-ACE6-C0C2352B8628}.Debug|Win32.ActiveCfg = Debug|Win32
		{A0A77630-9529-4D8A-ACE6-C0C2352B8628}.Debug|Win32.Build.0 = Debug|Win32
		{A0A77630-9529-4D8A-ACE6-C0C2352B8628}.Debug|x64.ActiveCfg = Debug|x64
		{A0A77630-9529-4D8A-ACE6-C0C2352B8628}.Debug|x64.Build.0 = Debug|x64
		{A0A77630-9529-4D8A-ACE6-C0C2352B8628}.Release|Win32.ActiveCfg = Release|Win32
		{A0A77630-9529-4D8A-ACE6-C0C2352B8628}.Release|Win32.Build.0 = Release|Win32
		{A0A77630-9529-4D8A-ACE6-C0C2352B8628}.Release|x64.ActiveCfg = Release|x64
		{A0A77630-9529-4D8A-ACE6-C0C2352B8628}.Release|x64.Build.0 = Release|x64
		{82775EDB-41C4-4E12-8415-0D21282EC3E6}.Debug|Win32.ActiveCfg = Debug|Win32
		{82775EDB-41C4-4E12-8415-0D21282EC3E6}.Debug|Win32.Build.0 = Debug|Win32
		{82775EDB-41C4-4E12-8415-0D21282EC3E6}.Debug|x64.ActiveCfg = Debug|x64
		{82775EDB-41C4-4E12-8415-0D21282EC3E6}.Debug|x64.Build.0 = Debug|x64
		{82775EDB-41C4-4E12-8415-0D21282EC3E6}.Release|Win32.ActiveCfg = Release|Win32
		{82775EDB-41C4-4E12-8415-0D21282EC3E6}.Release|Win32.Build.0 = Release|Win32
		{82775EDB-41C4-4E12-8415-0D21282EC3E6}.Release|x64.ActiveCfg = Release|x64
		{82775EDB-41C4-4E12-8415-0D21282EC3E6}.Release|x64.Build.0 = Release|x64
		{A24DF534-89D4-4817-A8E0-24D17C89D2C8}.Debug|Win32.ActiveCfg = Debug|Win32
		{A24DF534-89D4-4817-A8E0-24D17C89D2C8}.Debug|Win32.Build.0 = Debug|Win32
		{A24DF534-89D4-4817-A8E0-24D17C89D2C8}.Debug|x64.ActiveCfg = Debug|x64
		{A24DF534-89D4-4817-A8E0-24D17C89D2C8}.Debug|x64.Build.0 = Debug|x64
		{A24DF534-89D4-4817-A8E0-24D17C89D2C8}.Release|Win32.ActiveCfg = Release|Win32
		{A24DF534-89D4-4817-A8E0-24D17C89D2C8}.Release|Win32.Build.0 = Release|Win32
		{A24DF534-89D4-4817-A8E0-24D17C89D2C8}.Release|x64.ActiveCfg = Release|x64
		{A24DF534-89D4-4817-A8E0-24D17C89D2C8}.Release|x64.Build.0 = Release|x64
		{240FAF24-6640-401C-9CCE-B6A47E04997A}.Debug|Win32.ActiveCfg = Debug|Win32
		{240FAF24-6640-401C-9CCE-B6A47E04997A}.Debug|Win32.Build.0 = Debug|Win32
		{240FAF24-6640-401C-9CCE-B6A47E04997A}.Debug|x64.ActiveCfg = Debug|x64
		{240FAF24-6640-401C-9CCE-B6A47E04997A}.Debug|x64.Build.0 = Debug|x64
		{240FAF24-6640-401C-9CCE-B6A47E04997A}.Release|Win32.ActiveCfg = Release|Win32
		{240FAF24-6640-401C-9CCE-B6A47E04997A}.Release|Win32.Build.0 = Release|Win32
		{240FAF24-6640-401C-9CCE-B6A47E04997A}.Release|x64.ActiveCfg = Release|x64
		{240FAF24-6640-401C-9CCE-B6A47E04997A}.Release|x64.Build.0 = Release|x64
		{0C713787-AB9D-4B94-B498-AA4535C2D62C}.Debug|Win32.ActiveCfg = Debug|Win32
		{0C713787-AB9D-4B94-B498-AA4535C2D62C}.Debug|Win32.Build.0 = Debug|Win32
		{0C713787-AB9D-4B94-B498-AA4535C2D62C}.Debug|x64.ActiveCfg = Debug|x64
		{0C713787-AB9D-4B94-B498-AA4535C2D62C}.Debug|x64.Build.0 = Debug|x64
		{0C713787-AB9D-4B94-B498-AA4535C2D62C}.Release|Win32.ActiveCfg = Release|Win32
		{0C713787-AB9D-4B94-B498-AA4535C2D62C}.Release|Win32.Build.0 = Release|Win32
		{0C713787-AB9D-4B94-B498-AA4535C2D62C}.Release|x64.ActiveCfg = Release|x64
		{0C713787-AB9D-4B94-B498-AA4535C2D62C}.Release|x64.Build.0 = Release|x64
		{DFAE580B-1FE6-4885-9D50-4F19FE468FDE}.Debug|Win32.ActiveCfg = Debug|Win32
		{DFAE580B-1FE6-4885-9D50-4F19FE468FDE}.Debug|Win32.Build.0 = Debug|Win32
		{DFAE580B-1FE6-4885-9D50-4F19FE468FDE}.Debug|x64.ActiveCfg = Debug|x64
		{DFAE580B-1FE6-4885-9D50-4F19FE468FDE}.Debug|x64.Build.0 = Debug|x64
		{DFAE580B-1FE6-4885-9D50-4F19FE468FDE}.Release|Win32.ActiveCfg = Release|Win32
		{DFAE580B-1FE6-4885-9D50-4F19FE468FDE}.Release|Win32.Build.0 = Release|Win32
		{DFAE580B-1FE6-4885-9D50-4F19FE468FDE}.Release|x64.ActiveCfg = Release|x64
		{DFAE580B-1FE6-4885-9D50-4F19FE468FDE}.Release|x64.Build.0 = Release|x64
		{E4AA4F75-FFD0-431A-9225-F732AC05C646}.Debug|Win32.ActiveCfg = Debug|Win32
		{E4AA4F75-FFD0-431A-9225-F732AC05C646}.Debug|Win32.Build.0 = Debug|Win32
		{E4AA4F75-FFD0-431A-9225-F732AC05C646}.Debug|x64.ActiveCfg = Debug|x64
		{E4AA4F75-FFD0-431A-9225-F732AC05C646}.Debug|x64.Build.0 = Debug|x64
		{E4AA4F75-FFD0-431A-9225-F732AC05C646}.Release|Win32.ActiveCfg = Release|Win32
		{E4AA4F75-FFD0-431A-9225-F732AC05C646}.Release|Win32.Build.0 = Release|Win32
		{E4AA4F75-FFD0-431A-9225-F732AC05C646}.Release|x64.ActiveCfg = Release|x64
		{E4AA4F75-FFD0-431A-9225-F732AC05C646}.Release|x64.Build.0 = Release|x64
		{B04A9208-E2BB-414B-AC76-B8014E3B9079}.Debug|Win32.ActiveCfg = Debug|Win32
		{B04A9208-E2BB-414B-AC76-B8014E3B9079}.Debug|Win32.Build.0 = Debug|Win32
		{B04A9208-E2BB-414B-AC76-B8014E3B9079}.Debug|x64.ActiveCfg = Debug|x64
		{B04A9208-E2BB-414B-AC76-B8014E3B9079}.Debug|x64.Build.0 = Debug|x64
		{B04A9208-E2BB-414B-AC76-B8014E3B9079}.Release|Win32.ActiveCfg = Release|Win32
		{B04A9208-E2BB-414B-AC76-B8014E3B9079}.Release|Win32.Build.0 = Release|Win32
		{B04A9208-E2BB-414B-AC76-B8014E3B9079}.Release|x64.ActiveCfg = Release|x64
		{B04A9208-E2BB-414B-AC76-B8014E3B9079}.Release|x64.Build.0 = Release|x64
		{0CAC7B1A-89FB-46E6-A0F7-852F609D2112}.Debug|Win32.ActiveCfg = Debug|Win32
		{0CAC7B1A-89FB-46E6-A0F7-852F609D2112}.Debug|Win32.Build.0 = Debug|Win32
		{0CAC7B1A-89FB-46E6-A0F7-852F609D2112}.Debug|x64.ActiveCfg = Debug|x64
		{0CAC7B1A-89FB-46E6-A0F7-852F609D2112}.Debug|x64.Build.0 = Debug|x64
		{0CAC7B1A-89FB-46E6-A0F7-852F609D2112}.Release|Win32.ActiveCfg = Release|Win32
		{0CAC7B1A-89FB-46E6-A0F7-852F609D2112}.Release|Win32.Build.0 = Release|Win32
		{0CAC7B1A-89FB-46E6-A0F7-852F609D2112}.Release|x64.ActiveCfg = Release|x64
		{0CAC7B1A-89FB-46E6-A0F7-852F609D2112}.Release|x64.Build.0 = Release|x64
		{B9A1C9DB-F6D1-48B0-8F73-469C34BD988B}.Debug|Win32.ActiveCfg = Debug|Win32
		{B9A1C9DB-F6D1-48B0-8F73-469C34BD988B}.Debug|Win32.Build.0 = Debug|Win32
		{B9A1C9DB-F6D1-48B0-8F73-469C34BD988B}.Debug|x64.ActiveCfg = Debug|x64
		{B9A1C9DB-F6D1-48B0-8F73-469C34BD988B}.Debug|x64.Build.0 = Debug|x64
		{B9A1C9DB-F6D1-48B0-8F73-469C34BD988B}.Release|Win32.ActiveCfg = Release|Win32
		{B9A1C9DB-F6D1-48B0-8F73-469C34BD988B}.Release|Win32.Build.0 = Release|Win32
		{B9A1C9DB-F6D1-48B0-8F73-469C34BD988B}.Release|x64.ActiveCfg = Release|x64
		{B9A1C9DB-F6D1-48B0-8F73-469C34BD988B}.Release|x64.Build.0 = Release|x64
		{332082CF-6515-4BEC-8E86-D0BBA0BA4616}.Debug|Win32.ActiveCfg = Debug|Win32
		{332082CF-6515-4BEC-8E86-D0BBA0BA4616}.Debug|Win32.Build.0 = Debug|Win32
		{332082CF-6515-4BEC-8E86-D0BBA0BA4616}.Debug|x64.ActiveCfg = Debug|x64
		{332082CF-6515-4BEC-8E86-D0BBA0BA4616}.Debug|x64.Build.0 = Debug|x64
		{332082CF-6515-4BEC-8E86-D0BBA0BA4616}.Release|Win32.ActiveCfg = Release|Win32
		{332082CF-6515-4BEC-8E86-D0BBA0BA4616}.Release|Win32.Build.0 = Release|Win32
		{332082CF-6515-4BEC-8E86-D0BBA0BA4616}.Release|x64.ActiveCfg = Release|x64
		{332082CF-6515-4BEC-8E86-D0BBA0BA4616}.Release|x64.Build.0 = Release|x64
		{784EB945-367F-4E9A-A945-B50B5BD6A141}.Debug|Win32.ActiveCfg = Debug|Win32
		{784EB945-367F-4E9A-A945-B50B5BD6A141}.Debug|Win32.Build.0 = Debug|Win32
		{784EB945-367F-4E9A-A945-B50B5BD6A141}.Debug|x64.ActiveCfg = Debug|x64
		{784EB945-367F-4E9A-A945-B50B5BD6A141}.Debug|x64.Build.0 = Debug|x64
		{784EB945-367F-4E9A-A945-B50B5BD6A141}.Release|Win32.ActiveCfg = Release|Win32
		{784EB945-367F-4E9A-A945-B50B5BD6A141}.Release|Win32.Build.0 = Release|Win32
		{784EB945-367F-4E9A-A945-B50B5BD6A141}.Release|x64.ActiveCfg = Release|x64
		{784EB945-367F-4E9A-A945-B50B5BD6A141}.Release|x64.Build.0 = Release|x64
		{9A6D7F84-0228-428E-AF01-A7D5795AF399}.Debug|Win32.ActiveCfg = Debug|Win32
		{9A6D7F84-0228-428E-AF01-A7D5795AF399}.Debug|Win32.Build.0 = Debug|Win32
		{9A6D7F84-0228-428E-AF01-A7D5795AF399}.Debug|x64.ActiveCfg = Debug|x64
		{9A6D7F84-0228-428E-AF01-A7D5795AF399}.Debug|x64.Build.0 = Debug|x64
		{9A6D7F84-0228-428E-AF01-A7D5795AF399}.Release|Win32.ActiveCfg = Release|Win32
		{9A6D7F84-0228-428E-AF01-A7D5795AF399}.Release|Win32.Build.0 = Release|Win32
		{9A6D7F84-0228-428E-AF01-A7D5795AF399}.Release|x64.ActiveCfg = Release|x64
		{9A6D7F84-0228-428E-AF01-A7D5795AF399}.Release|x64.Build.0 = Release|x64
		{EA7F12AF-24DF-4254-AFCA-E2CDB47074EB}.Debug|Win32.ActiveCfg = Debug|Win32
		{EA7F12AF-24DF-4254-AFCA-E2CDB47074EB}.Debug|Win32.Build.0 = Debug|Win32
		{EA7F12AF-24DF-4254-AFCA-E2CDB47074EB}.Debug|x64.ActiveCfg = Debug|x64
		{EA7F12AF-24DF-4254-AFCA-E2CDB47074EB}.Debug|x64.Build.0 = Debug|x64
		{EA7F12AF-24DF-4254-AFCA-E2CDB47074EB}.Release|Win32.ActiveCfg = Release|Win32
		{EA7F12AF-24DF-4254-AFCA-E2CDB47074EB}.Release|Win32.Build.0 = Release|Win32
		{EA7F12AF-24DF-4254-AFCA-E2CDB47074EB}.Release|x64.ActiveCfg = Release|x64
		{EA7F12AF-24DF-4254-AFCA-E2CDB47074EB}.Release|x64.Build.0 = Release|x64
	EndGlobalSection
	GlobalSection(SolutionProperties) = preSolution
		HideSolutionNode = FALSE
	EndGlobalSection
EndGlobal
